
Microsoft Visual Studio Solution File, Format Version 12.00
# Visual Studio Version 16
VisualStudioVersion = 16.0.31019.35
MinimumVisualStudioVersion = 10.0.40219.1
Project("{9A19103F-16F7-4668-BE54-9A1E7A4F7556}") = "DataModel", "DataModel\DataModel.csproj", "{750EECBC-FCB2-42F1-9E55-0B8CFE591D73}"
EndProject
Project("{FAE04EC0-301F-11D3-BF4B-00C04F79EFBC}") = "DataModel.Testing", "DataModel.Testing\DataModel.Testing.csproj", "{E6E517A1-BE8C-4FC2-959B-AF2EEB25A44E}"
EndProject
Global
	GlobalSection(SolutionConfigurationPlatforms) = preSolution
		Debug|Any CPU = Debug|Any CPU
		Release|Any CPU = Release|Any CPU
	EndGlobalSection
	GlobalSection(ProjectConfigurationPlatforms) = postSolution
		{750EECBC-FCB2-42F1-9E55-0B8CFE591D73}.Debug|Any CPU.ActiveCfg = Debug|Any CPU
		{750EECBC-FCB2-42F1-9E55-0B8CFE591D73}.Debug|Any CPU.Build.0 = Debug|Any CPU
		{750EECBC-FCB2-42F1-9E55-0B8CFE591D73}.Release|Any CPU.ActiveCfg = Release|Any CPU
		{750EECBC-FCB2-42F1-9E55-0B8CFE591D73}.Release|Any CPU.Build.0 = Release|Any CPU
		{E6E517A1-BE8C-4FC2-959B-AF2EEB25A44E}.Debug|Any CPU.ActiveCfg = Debug|Any CPU
		{E6E517A1-BE8C-4FC2-959B-AF2EEB25A44E}.Debug|Any CPU.Build.0 = Debug|Any CPU
		{E6E517A1-BE8C-4FC2-959B-AF2EEB25A44E}.Release|Any CPU.ActiveCfg = Release|Any CPU
		{E6E517A1-BE8C-4FC2-959B-AF2EEB25A44E}.Release|Any CPU.Build.0 = Release|Any CPU
	EndGlobalSection
	GlobalSection(SolutionProperties) = preSolution
		HideSolutionNode = FALSE
	EndGlobalSection
	GlobalSection(ExtensibilityGlobals) = postSolution
		SolutionGuid = {E90C974F-B6BF-4757-8C5D-0FFE6A8B01CB}
	EndGlobalSection
EndGlobal
